{
  "name": "deref-json-schema",
  "version": "0.0.9",
  "lockfileVersion": 3,
  "requires": true,
  "packages": {
    "": {
      "name": "deref-json-schema",
      "version": "0.0.9",
      "license": "MIT",
      "dependencies": {
        "@cfworker/json-schema": "^1.12.5",
        "fs": "0.0.1-security"
      },
      "devDependencies": {
        "@types/node": "^18.11.13",
        "typescript": "^4.9.4"
      }
    },
    "node_modules/@cfworker/json-schema": {
      "version": "1.12.5",
      "resolved": "https://registry.npmjs.org/@cfworker/json-schema/-/json-schema-1.12.5.tgz",
      "integrity": "sha512-k+ungOs1TxSfNfmfOxkwaiNL2EgRQjhk2SRweMYoKkBJZUYsGsY+XYpe2KpuS9EyjZWjZhq8QvVM+gwi3g1+hQ=="
    },
    "node_modules/@types/node": {
      "version": "18.11.13",
      "resolved": "https://registry.npmjs.org/@types/node/-/node-18.11.13.tgz",
      "integrity": "sha512-IASpMGVcWpUsx5xBOrxMj7Bl8lqfuTY7FKAnPmu5cHkfQVWF8GulWS1jbRqA934qZL35xh5xN/+Xe/i26Bod4w==",
      "dev": true
    },
    "node_modules/fs": {
      "version": "0.0.1-security",
      "resolved": "https://registry.npmjs.org/fs/-/fs-0.0.1-security.tgz",
      "integrity": "sha512-3XY9e1pP0CVEUCdj5BmfIZxRBTSDycnbqhIOGec9QYtmVH2fbLpj86CFWkrNOkt/Fvty4KZG5lTglL9j/gJ87w=="
    },
    "node_modules/typescript": {
      "version": "4.9.4",
      "resolved": "https://registry.npmjs.org/typescript/-/typescript-4.9.4.tgz",
      "integrity": "sha512-Uz+dTXYzxXXbsFpM86Wh3dKCxrQqUcVMxwU54orwlJjOpO3ao8L7j5lH+dWfTwgCwIuM9GQ2kvVotzYJMXTBZg==",
      "dev": true,
      "bin": {
        "tsc": "bin/tsc",
        "tsserver": "bin/tsserver"
      },
      "engines": {
        "node": ">=4.2.0"
      }
    }
  }
}
